
Microsoft Visual Studio Solution File, Format Version 12.00
# Visual Studio Version 16
VisualStudioVersion = 25.0.1704.0
MinimumVisualStudioVersion = 10.0.40219.1
Project("{FAE04EC0-301F-11D3-BF4B-00C04F79EFBC}") = "MagicVilla_VillaAPI", "MagicVilla_VillaAPI\MagicVilla_VillaAPI.csproj", "{8DA078FF-B4B4-47C9-9B92-18FB25EB1B6E}"
EndProject
Global
	GlobalSection(SolutionConfigurationPlatforms) = preSolution
		Debug|Any CPU = Debug|Any CPU
		Release|Any CPU = Release|Any CPU
	EndGlobalSection
	GlobalSection(ProjectConfigurationPlatforms) = postSolution
		{8DA078FF-B4B4-47C9-9B92-18FB25EB1B6E}.Debug|Any CPU.ActiveCfg = Debug|Any CPU
		{8DA078FF-B4B4-47C9-9B92-18FB25EB1B6E}.Debug|Any CPU.Build.0 = Debug|Any CPU
		{8DA078FF-B4B4-47C9-9B92-18FB25EB1B6E}.Release|Any CPU.ActiveCfg = Release|Any CPU
		{8DA078FF-B4B4-47C9-9B92-18FB25EB1B6E}.Release|Any CPU.Build.0 = Release|Any CPU
	EndGlobalSection
	GlobalSection(SolutionProperties) = preSolution
		HideSolutionNode = FALSE
	EndGlobalSection
	GlobalSection(ExtensibilityGlobals) = postSolution
		SolutionGuid = {9A04F7B5-0E73-467A-BC92-5DF561F1C23B}
	EndGlobalSection
EndGlobal
